
Microsoft Visual Studio Solution File, Format Version 12.00
# Visual Studio Version 17
VisualStudioVersion = 17.14.36603.0 d17.14
MinimumVisualStudioVersion = 10.0.40219.1
Project("{FAE04EC0-301F-11D3-BF4B-00C04F79EFBC}") = "WebApplication1", "WebApplication1\WebApplication1.csproj", "{113F7960-DDAC-4ACC-B91F-73F66E461B49}"
EndProject
Global
	GlobalSection(SolutionConfigurationPlatforms) = preSolution
		Debug|Any CPU = Debug|Any CPU
		Release|Any CPU = Release|Any CPU
	EndGlobalSection
	GlobalSection(ProjectConfigurationPlatforms) = postSolution
		{113F7960-DDAC-4ACC-B91F-73F66E461B49}.Debug|Any CPU.ActiveCfg = Debug|Any CPU
		{113F7960-DDAC-4ACC-B91F-73F66E461B49}.Debug|Any CPU.Build.0 = Debug|Any CPU
		{113F7960-DDAC-4ACC-B91F-73F66E461B49}.Release|Any CPU.ActiveCfg = Release|Any CPU
		{113F7960-DDAC-4ACC-B91F-73F66E461B49}.Release|Any CPU.Build.0 = Release|Any CPU
	EndGlobalSection
	GlobalSection(SolutionProperties) = preSolution
		HideSolutionNode = FALSE
	EndGlobalSection
	GlobalSection(ExtensibilityGlobals) = postSolution
		SolutionGuid = {7021AF99-6DB4-489A-8768-774DDF50DF83}
	EndGlobalSection
EndGlobal
